
Microsoft Visual Studio Solution File, Format Version 12.00
# Visual Studio 15
VisualStudioVersion = 15.0.27130.2024
MinimumVisualStudioVersion = 10.0.40219.1
Project("{9A19103F-16F7-4668-BE54-9A1E7A4F7556}") = "1. MatrixOfPalindromes", "1. MatrixOfPalindromes\1. MatrixOfPalindromes.csproj", "{333C82C3-CC80-418B-B7F4-CCF22A1BEDFD}"
EndProject
Project("{9A19103F-16F7-4668-BE54-9A1E7A4F7556}") = "2. DiagonalDifference", "2. DiagonalDifference\2. DiagonalDifference.csproj", "{50FC64F0-9D0A-4C4A-8F61-A9F9C492C41B}"
EndProject
Project("{9A19103F-16F7-4668-BE54-9A1E7A4F7556}") = "3. TwoXTwoSquaresOfEqualChars", "3. TwoXTwoSquaresOfEqualChars\3. TwoXTwoSquaresOfEqualChars.csproj", "{9EF85E00-577D-4CC9-B201-B203E53CFD4A}"
EndProject
Project("{9A19103F-16F7-4668-BE54-9A1E7A4F7556}") = "4. MaximalSum", "4. MaximalSum\4. MaximalSum.csproj", "{BB49205C-1E15-4A8D-BB4B-2C56C514109F}"
EndProject
Project("{9A19103F-16F7-4668-BE54-9A1E7A4F7556}") = "5. RubiksMatrix", "5. RubiksMatrix\5. RubiksMatrix.csproj", "{1FDAB8C2-FBAC-4394-93A9-4B78C68A6B24}"
EndProject
Project("{9A19103F-16F7-4668-BE54-9A1E7A4F7556}") = "6. TargetPractice", "6. TargetPractice\6. TargetPractice.csproj", "{A60B5E06-5681-4B19-A46F-907379BFB4DB}"
EndProject
Project("{9A19103F-16F7-4668-BE54-9A1E7A4F7556}") = "7. LegoBlocks", "7. LegoBlocks\7. LegoBlocks.csproj", "{631DA920-7937-44A9-9C92-A139B03EECDE}"
EndProject
Project("{9A19103F-16F7-4668-BE54-9A1E7A4F7556}") = "8. RadioactiveMutantVampireBunnies", "8. RadioactiveMutantVampireBunnies\8. RadioactiveMutantVampireBunnies.csproj", "{A0F032DA-E387-4660-9FEC-36ADB987A74A}"
EndProject
Project("{9A19103F-16F7-4668-BE54-9A1E7A4F7556}") = "9. Crossfire", "9. Crossfire\9. Crossfire.csproj", "{93908BDB-F251-46AA-B2CF-A27F4E5ABF52}"
EndProject
Project("{9A19103F-16F7-4668-BE54-9A1E7A4F7556}") = "10. TheHeiganDance", "10. TheHeiganDance\10. TheHeiganDance.csproj", "{5E3C1A92-71EB-4F4F-9947-7B2DF056A26B}"
EndProject
Project("{FAE04EC0-301F-11D3-BF4B-00C04F79EFBC}") = "11. ParkingSystem", "11. ParkingSystem\11. ParkingSystem.csproj", "{CBC731EB-F6C8-4579-95CF-75EE6B2BACC5}"
EndProject
Project("{FAE04EC0-301F-11D3-BF4B-00C04F79EFBC}") = "12. StringMatrixRotation", "12. StringMatrixRotation\12. StringMatrixRotation.csproj", "{AA192D9B-F993-4866-8E9F-31D7DA81C271}"
EndProject
Global
	GlobalSection(SolutionConfigurationPlatforms) = preSolution
		Debug|Any CPU = Debug|Any CPU
		Release|Any CPU = Release|Any CPU
	EndGlobalSection
	GlobalSection(ProjectConfigurationPlatforms) = postSolution
		{333C82C3-CC80-418B-B7F4-CCF22A1BEDFD}.Debug|Any CPU.ActiveCfg = Debug|Any CPU
		{333C82C3-CC80-418B-B7F4-CCF22A1BEDFD}.Debug|Any CPU.Build.0 = Debug|Any CPU
		{333C82C3-CC80-418B-B7F4-CCF22A1BEDFD}.Release|Any CPU.ActiveCfg = Release|Any CPU
		{333C82C3-CC80-418B-B7F4-CCF22A1BEDFD}.Release|Any CPU.Build.0 = Release|Any CPU
		{50FC64F0-9D0A-4C4A-8F61-A9F9C492C41B}.Debug|Any CPU.ActiveCfg = Debug|Any CPU
		{50FC64F0-9D0A-4C4A-8F61-A9F9C492C41B}.Debug|Any CPU.Build.0 = Debug|Any CPU
		{50FC64F0-9D0A-4C4A-8F61-A9F9C492C41B}.Release|Any CPU.ActiveCfg = Release|Any CPU
		{50FC64F0-9D0A-4C4A-8F61-A9F9C492C41B}.Release|Any CPU.Build.0 = Release|Any CPU
		{9EF85E00-577D-4CC9-B201-B203E53CFD4A}.Debug|Any CPU.ActiveCfg = Debug|Any CPU
		{9EF85E00-577D-4CC9-B201-B203E53CFD4A}.Debug|Any CPU.Build.0 = Debug|Any CPU
		{9EF85E00-577D-4CC9-B201-B203E53CFD4A}.Release|Any CPU.ActiveCfg = Release|Any CPU
		{9EF85E00-577D-4CC9-B201-B203E53CFD4A}.Release|Any CPU.Build.0 = Release|Any CPU
		{BB49205C-1E15-4A8D-BB4B-2C56C514109F}.Debug|Any CPU.ActiveCfg = Debug|Any CPU
		{BB49205C-1E15-4A8D-BB4B-2C56C514109F}.Debug|Any CPU.Build.0 = Debug|Any CPU
		{BB49205C-1E15-4A8D-BB4B-2C56C514109F}.Release|Any CPU.ActiveCfg = Release|Any CPU
		{BB49205C-1E15-4A8D-BB4B-2C56C514109F}.Release|Any CPU.Build.0 = Release|Any CPU
		{1FDAB8C2-FBAC-4394-93A9-4B78C68A6B24}.Debug|Any CPU.ActiveCfg = Debug|Any CPU
		{1FDAB8C2-FBAC-4394-93A9-4B78C68A6B24}.Debug|Any CPU.Build.0 = Debug|Any CPU
		{1FDAB8C2-FBAC-4394-93A9-4B78C68A6B24}.Release|Any CPU.ActiveCfg = Release|Any CPU
		{1FDAB8C2-FBAC-4394-93A9-4B78C68A6B24}.Release|Any CPU.Build.0 = Release|Any CPU
		{A60B5E06-5681-4B19-A46F-907379BFB4DB}.Debug|Any CPU.ActiveCfg = Debug|Any CPU
		{A60B5E06-5681-4B19-A46F-907379BFB4DB}.Debug|Any CPU.Build.0 = Debug|Any CPU
		{A60B5E06-5681-4B19-A46F-907379BFB4DB}.Release|Any CPU.ActiveCfg = Release|Any CPU
		{A60B5E06-5681-4B19-A46F-907379BFB4DB}.Release|Any CPU.Build.0 = Release|Any CPU
		{631DA920-7937-44A9-9C92-A139B03EECDE}.Debug|Any CPU.ActiveCfg = Debug|Any CPU
		{631DA920-7937-44A9-9C92-A139B03EECDE}.Debug|Any CPU.Build.0 = Debug|Any CPU
		{631DA920-7937-44A9-9C92-A139B03EECDE}.Release|Any CPU.ActiveCfg = Release|Any CPU
		{631DA920-7937-44A9-9C92-A139B03EECDE}.Release|Any CPU.Build.0 = Release|Any CPU
		{A0F032DA-E387-4660-9FEC-36ADB987A74A}.Debug|Any CPU.ActiveCfg = Debug|Any CPU
		{A0F032DA-E387-4660-9FEC-36ADB987A74A}.Debug|Any CPU.Build.0 = Debug|Any CPU
		{A0F032DA-E387-4660-9FEC-36ADB987A74A}.Release|Any CPU.ActiveCfg = Release|Any CPU
		{A0F032DA-E387-4660-9FEC-36ADB987A74A}.Release|Any CPU.Build.0 = Release|Any CPU
		{93908BDB-F251-46AA-B2CF-A27F4E5ABF52}.Debug|Any CPU.ActiveCfg = Debug|Any CPU
		{93908BDB-F251-46AA-B2CF-A27F4E5ABF52}.Debug|Any CPU.Build.0 = Debug|Any CPU
		{93908BDB-F251-46AA-B2CF-A27F4E5ABF52}.Release|Any CPU.ActiveCfg = Release|Any CPU
		{93908BDB-F251-46AA-B2CF-A27F4E5ABF52}.Release|Any CPU.Build.0 = Release|Any CPU
		{5E3C1A92-71EB-4F4F-9947-7B2DF056A26B}.Debug|Any CPU.ActiveCfg = Debug|Any CPU
		{5E3C1A92-71EB-4F4F-9947-7B2DF056A26B}.Debug|Any CPU.Build.0 = Debug|Any CPU
		{5E3C1A92-71EB-4F4F-9947-7B2DF056A26B}.Release|Any CPU.ActiveCfg = Release|Any CPU
		{5E3C1A92-71EB-4F4F-9947-7B2DF056A26B}.Release|Any CPU.Build.0 = Release|Any CPU
		{CBC731EB-F6C8-4579-95CF-75EE6B2BACC5}.Debug|Any CPU.ActiveCfg = Debug|Any CPU
		{CBC731EB-F6C8-4579-95CF-75EE6B2BACC5}.Debug|Any CPU.Build.0 = Debug|Any CPU
		{CBC731EB-F6C8-4579-95CF-75EE6B2BACC5}.Release|Any CPU.ActiveCfg = Release|Any CPU
		{CBC731EB-F6C8-4579-95CF-75EE6B2BACC5}.Release|Any CPU.Build.0 = Release|Any CPU
		{AA192D9B-F993-4866-8E9F-31D7DA81C271}.Debug|Any CPU.ActiveCfg = Debug|Any CPU
		{AA192D9B-F993-4866-8E9F-31D7DA81C271}.Debug|Any CPU.Build.0 = Debug|Any CPU
		{AA192D9B-F993-4866-8E9F-31D7DA81C271}.Release|Any CPU.ActiveCfg = Release|Any CPU
		{AA192D9B-F993-4866-8E9F-31D7DA81C271}.Release|Any CPU.Build.0 = Release|Any CPU
	EndGlobalSection
	GlobalSection(SolutionProperties) = preSolution
		HideSolutionNode = FALSE
	EndGlobalSection
	GlobalSection(ExtensibilityGlobals) = postSolution
		SolutionGuid = {38696A52-92EC-4189-AE92-D7E6FFC56358}
	EndGlobalSection
EndGlobal
