
Microsoft Visual Studio Solution File, Format Version 12.00
# Visual Studio 15
VisualStudioVersion = 15.0.27130.2024
MinimumVisualStudioVersion = 10.0.40219.1
Project("{FAE04EC0-301F-11D3-BF4B-00C04F79EFBC}") = "1. SumMatrixElements", "1. SumMatrixElements\1. SumMatrixElements.csproj", "{0D7EE3AE-EEDC-49D3-9B25-593CF7BDC4B4}"
EndProject
Project("{FAE04EC0-301F-11D3-BF4B-00C04F79EFBC}") = "2. SquareWithMaximumSum", "2. SquareWithMaximumSum\2. SquareWithMaximumSum.csproj", "{E17598DA-12A0-49A5-BD67-6D7B36A6E40C}"
EndProject
Project("{FAE04EC0-301F-11D3-BF4B-00C04F79EFBC}") = "3. GroupNumbers", "3. GroupNumbers\3. GroupNumbers.csproj", "{F76AA37F-ECA1-43EB-B1DA-91F6809CEBE3}"
EndProject
Project("{FAE04EC0-301F-11D3-BF4B-00C04F79EFBC}") = "4. PascalTriangle", "4. PascalTriangle\4. PascalTriangle.csproj", "{3A2019F9-FA05-4719-B920-8A6AE4B44CAB}"
EndProject
Global
	GlobalSection(SolutionConfigurationPlatforms) = preSolution
		Debug|Any CPU = Debug|Any CPU
		Release|Any CPU = Release|Any CPU
	EndGlobalSection
	GlobalSection(ProjectConfigurationPlatforms) = postSolution
		{0D7EE3AE-EEDC-49D3-9B25-593CF7BDC4B4}.Debug|Any CPU.ActiveCfg = Debug|Any CPU
		{0D7EE3AE-EEDC-49D3-9B25-593CF7BDC4B4}.Debug|Any CPU.Build.0 = Debug|Any CPU
		{0D7EE3AE-EEDC-49D3-9B25-593CF7BDC4B4}.Release|Any CPU.ActiveCfg = Release|Any CPU
		{0D7EE3AE-EEDC-49D3-9B25-593CF7BDC4B4}.Release|Any CPU.Build.0 = Release|Any CPU
		{E17598DA-12A0-49A5-BD67-6D7B36A6E40C}.Debug|Any CPU.ActiveCfg = Debug|Any CPU
		{E17598DA-12A0-49A5-BD67-6D7B36A6E40C}.Debug|Any CPU.Build.0 = Debug|Any CPU
		{E17598DA-12A0-49A5-BD67-6D7B36A6E40C}.Release|Any CPU.ActiveCfg = Release|Any CPU
		{E17598DA-12A0-49A5-BD67-6D7B36A6E40C}.Release|Any CPU.Build.0 = Release|Any CPU
		{F76AA37F-ECA1-43EB-B1DA-91F6809CEBE3}.Debug|Any CPU.ActiveCfg = Debug|Any CPU
		{F76AA37F-ECA1-43EB-B1DA-91F6809CEBE3}.Debug|Any CPU.Build.0 = Debug|Any CPU
		{F76AA37F-ECA1-43EB-B1DA-91F6809CEBE3}.Release|Any CPU.ActiveCfg = Release|Any CPU
		{F76AA37F-ECA1-43EB-B1DA-91F6809CEBE3}.Release|Any CPU.Build.0 = Release|Any CPU
		{3A2019F9-FA05-4719-B920-8A6AE4B44CAB}.Debug|Any CPU.ActiveCfg = Debug|Any CPU
		{3A2019F9-FA05-4719-B920-8A6AE4B44CAB}.Debug|Any CPU.Build.0 = Debug|Any CPU
		{3A2019F9-FA05-4719-B920-8A6AE4B44CAB}.Release|Any CPU.ActiveCfg = Release|Any CPU
		{3A2019F9-FA05-4719-B920-8A6AE4B44CAB}.Release|Any CPU.Build.0 = Release|Any CPU
	EndGlobalSection
	GlobalSection(SolutionProperties) = preSolution
		HideSolutionNode = FALSE
	EndGlobalSection
	GlobalSection(ExtensibilityGlobals) = postSolution
		SolutionGuid = {FB58329B-DC08-4393-8278-16237FE4ADA6}
	EndGlobalSection
EndGlobal
