
Microsoft Visual Studio Solution File, Format Version 12.00
# Visual Studio 15
VisualStudioVersion = 15.0.27130.2024
MinimumVisualStudioVersion = 10.0.40219.1
Project("{9A19103F-16F7-4668-BE54-9A1E7A4F7556}") = "1. HarvestingFields", "1. HarvestingFields\1. HarvestingFields.csproj", "{F45351AF-4FD6-471E-9E06-D2A5E6ECB12D}"
EndProject
Project("{9A19103F-16F7-4668-BE54-9A1E7A4F7556}") = "2. BlackBoxInteger", "2. BlackBoxInteger\2. BlackBoxInteger.csproj", "{759260C5-61D9-40A2-94A9-3233BDABA736}"
EndProject
Project("{9A19103F-16F7-4668-BE54-9A1E7A4F7556}") = "3. BarracksWarsTasks", "3. BarracksWarsTasks\3. BarracksWarsTasks.csproj", "{C5D994FA-B357-455B-8597-67C82777FDE0}"
EndProject
Project("{9A19103F-16F7-4668-BE54-9A1E7A4F7556}") = "4. TrafficLights", "4. TrafficLights\4. TrafficLights.csproj", "{8AA0D46B-71AB-443B-B189-82A8FACCBFCB}"
EndProject
Project("{FAE04EC0-301F-11D3-BF4B-00C04F79EFBC}") = "5. InfernoInfinity", "5. InfernoInfinity\5. InfernoInfinity.csproj", "{062514A8-BF13-4655-9E30-FF71D7440AF0}"
EndProject
Global
	GlobalSection(SolutionConfigurationPlatforms) = preSolution
		Debug|Any CPU = Debug|Any CPU
		Release|Any CPU = Release|Any CPU
	EndGlobalSection
	GlobalSection(ProjectConfigurationPlatforms) = postSolution
		{F45351AF-4FD6-471E-9E06-D2A5E6ECB12D}.Debug|Any CPU.ActiveCfg = Debug|Any CPU
		{F45351AF-4FD6-471E-9E06-D2A5E6ECB12D}.Debug|Any CPU.Build.0 = Debug|Any CPU
		{F45351AF-4FD6-471E-9E06-D2A5E6ECB12D}.Release|Any CPU.ActiveCfg = Release|Any CPU
		{F45351AF-4FD6-471E-9E06-D2A5E6ECB12D}.Release|Any CPU.Build.0 = Release|Any CPU
		{759260C5-61D9-40A2-94A9-3233BDABA736}.Debug|Any CPU.ActiveCfg = Debug|Any CPU
		{759260C5-61D9-40A2-94A9-3233BDABA736}.Debug|Any CPU.Build.0 = Debug|Any CPU
		{759260C5-61D9-40A2-94A9-3233BDABA736}.Release|Any CPU.ActiveCfg = Release|Any CPU
		{759260C5-61D9-40A2-94A9-3233BDABA736}.Release|Any CPU.Build.0 = Release|Any CPU
		{C5D994FA-B357-455B-8597-67C82777FDE0}.Debug|Any CPU.ActiveCfg = Debug|Any CPU
		{C5D994FA-B357-455B-8597-67C82777FDE0}.Debug|Any CPU.Build.0 = Debug|Any CPU
		{C5D994FA-B357-455B-8597-67C82777FDE0}.Release|Any CPU.ActiveCfg = Release|Any CPU
		{C5D994FA-B357-455B-8597-67C82777FDE0}.Release|Any CPU.Build.0 = Release|Any CPU
		{8AA0D46B-71AB-443B-B189-82A8FACCBFCB}.Debug|Any CPU.ActiveCfg = Debug|Any CPU
		{8AA0D46B-71AB-443B-B189-82A8FACCBFCB}.Debug|Any CPU.Build.0 = Debug|Any CPU
		{8AA0D46B-71AB-443B-B189-82A8FACCBFCB}.Release|Any CPU.ActiveCfg = Release|Any CPU
		{8AA0D46B-71AB-443B-B189-82A8FACCBFCB}.Release|Any CPU.Build.0 = Release|Any CPU
		{062514A8-BF13-4655-9E30-FF71D7440AF0}.Debug|Any CPU.ActiveCfg = Debug|Any CPU
		{062514A8-BF13-4655-9E30-FF71D7440AF0}.Debug|Any CPU.Build.0 = Debug|Any CPU
		{062514A8-BF13-4655-9E30-FF71D7440AF0}.Release|Any CPU.ActiveCfg = Release|Any CPU
		{062514A8-BF13-4655-9E30-FF71D7440AF0}.Release|Any CPU.Build.0 = Release|Any CPU
	EndGlobalSection
	GlobalSection(SolutionProperties) = preSolution
		HideSolutionNode = FALSE
	EndGlobalSection
	GlobalSection(ExtensibilityGlobals) = postSolution
		SolutionGuid = {BBC62121-68EB-4246-BF9A-5C8D17441529}
	EndGlobalSection
EndGlobal
