
Microsoft Visual Studio Solution File, Format Version 12.00
# Visual Studio 15
VisualStudioVersion = 15.0.27130.2024
MinimumVisualStudioVersion = 10.0.40219.1
Project("{9A19103F-16F7-4668-BE54-9A1E7A4F7556}") = "1. HackerTasks", "1. HackerTasks\1. HackerTasks.csproj", "{AB97EC84-7CDE-4287-BCFC-6B815E5ABA2E}"
EndProject
Project("{FAE04EC0-301F-11D3-BF4B-00C04F79EFBC}") = "2. AttributesTasks", "2. AttributesTasks\2. AttributesTasks.csproj", "{14B75481-F786-492A-AB26-6CC8E680C3B7}"
EndProject
Global
	GlobalSection(SolutionConfigurationPlatforms) = preSolution
		Debug|Any CPU = Debug|Any CPU
		Release|Any CPU = Release|Any CPU
	EndGlobalSection
	GlobalSection(ProjectConfigurationPlatforms) = postSolution
		{AB97EC84-7CDE-4287-BCFC-6B815E5ABA2E}.Debug|Any CPU.ActiveCfg = Debug|Any CPU
		{AB97EC84-7CDE-4287-BCFC-6B815E5ABA2E}.Debug|Any CPU.Build.0 = Debug|Any CPU
		{AB97EC84-7CDE-4287-BCFC-6B815E5ABA2E}.Release|Any CPU.ActiveCfg = Release|Any CPU
		{AB97EC84-7CDE-4287-BCFC-6B815E5ABA2E}.Release|Any CPU.Build.0 = Release|Any CPU
		{14B75481-F786-492A-AB26-6CC8E680C3B7}.Debug|Any CPU.ActiveCfg = Debug|Any CPU
		{14B75481-F786-492A-AB26-6CC8E680C3B7}.Debug|Any CPU.Build.0 = Debug|Any CPU
		{14B75481-F786-492A-AB26-6CC8E680C3B7}.Release|Any CPU.ActiveCfg = Release|Any CPU
		{14B75481-F786-492A-AB26-6CC8E680C3B7}.Release|Any CPU.Build.0 = Release|Any CPU
	EndGlobalSection
	GlobalSection(SolutionProperties) = preSolution
		HideSolutionNode = FALSE
	EndGlobalSection
	GlobalSection(ExtensibilityGlobals) = postSolution
		SolutionGuid = {B31C6B6A-A129-4B15-AFD3-09282C0DD954}
	EndGlobalSection
EndGlobal
