
Microsoft Visual Studio Solution File, Format Version 12.00
# Visual Studio 15
VisualStudioVersion = 15.0.27428.2027
MinimumVisualStudioVersion = 10.0.40219.1
Project("{9A19103F-16F7-4668-BE54-9A1E7A4F7556}") = "1. EventImplementation", "1. EventImplementation\1. EventImplementation.csproj", "{8F001DE9-4E17-4EBF-AD59-3299CE3F3E31}"
EndProject
Project("{9A19103F-16F7-4668-BE54-9A1E7A4F7556}") = "2. KingsGambit", "2. KingsGambit\2. KingsGambit.csproj", "{D5426DD4-E68A-4AB0-A3BC-44FC0F0E4419}"
EndProject
Project("{9A19103F-16F7-4668-BE54-9A1E7A4F7556}") = "5. KingsGambitExtended", "5. KingsGambitExtended\5. KingsGambitExtended.csproj", "{D344C78B-761D-46B0-9F58-7EAC0114DD84}"
EndProject
Project("{FAE04EC0-301F-11D3-BF4B-00C04F79EFBC}") = "3. DependencyInversion", "3. DependencyInversion\3. DependencyInversion.csproj", "{5CFD6B65-13AD-4E67-9357-A5D7C2839260}"
EndProject
Project("{FAE04EC0-301F-11D3-BF4B-00C04F79EFBC}") = "4. WorkForce", "4. WorkForce\4. WorkForce.csproj", "{9A184C7A-28AB-4A47-AE64-43D61D2BC3C5}"
EndProject
Global
	GlobalSection(SolutionConfigurationPlatforms) = preSolution
		Debug|Any CPU = Debug|Any CPU
		Release|Any CPU = Release|Any CPU
	EndGlobalSection
	GlobalSection(ProjectConfigurationPlatforms) = postSolution
		{8F001DE9-4E17-4EBF-AD59-3299CE3F3E31}.Debug|Any CPU.ActiveCfg = Debug|Any CPU
		{8F001DE9-4E17-4EBF-AD59-3299CE3F3E31}.Debug|Any CPU.Build.0 = Debug|Any CPU
		{8F001DE9-4E17-4EBF-AD59-3299CE3F3E31}.Release|Any CPU.ActiveCfg = Release|Any CPU
		{8F001DE9-4E17-4EBF-AD59-3299CE3F3E31}.Release|Any CPU.Build.0 = Release|Any CPU
		{D5426DD4-E68A-4AB0-A3BC-44FC0F0E4419}.Debug|Any CPU.ActiveCfg = Debug|Any CPU
		{D5426DD4-E68A-4AB0-A3BC-44FC0F0E4419}.Debug|Any CPU.Build.0 = Debug|Any CPU
		{D5426DD4-E68A-4AB0-A3BC-44FC0F0E4419}.Release|Any CPU.ActiveCfg = Release|Any CPU
		{D5426DD4-E68A-4AB0-A3BC-44FC0F0E4419}.Release|Any CPU.Build.0 = Release|Any CPU
		{D344C78B-761D-46B0-9F58-7EAC0114DD84}.Debug|Any CPU.ActiveCfg = Debug|Any CPU
		{D344C78B-761D-46B0-9F58-7EAC0114DD84}.Debug|Any CPU.Build.0 = Debug|Any CPU
		{D344C78B-761D-46B0-9F58-7EAC0114DD84}.Release|Any CPU.ActiveCfg = Release|Any CPU
		{D344C78B-761D-46B0-9F58-7EAC0114DD84}.Release|Any CPU.Build.0 = Release|Any CPU
		{5CFD6B65-13AD-4E67-9357-A5D7C2839260}.Debug|Any CPU.ActiveCfg = Debug|Any CPU
		{5CFD6B65-13AD-4E67-9357-A5D7C2839260}.Debug|Any CPU.Build.0 = Debug|Any CPU
		{5CFD6B65-13AD-4E67-9357-A5D7C2839260}.Release|Any CPU.ActiveCfg = Release|Any CPU
		{5CFD6B65-13AD-4E67-9357-A5D7C2839260}.Release|Any CPU.Build.0 = Release|Any CPU
		{9A184C7A-28AB-4A47-AE64-43D61D2BC3C5}.Debug|Any CPU.ActiveCfg = Debug|Any CPU
		{9A184C7A-28AB-4A47-AE64-43D61D2BC3C5}.Debug|Any CPU.Build.0 = Debug|Any CPU
		{9A184C7A-28AB-4A47-AE64-43D61D2BC3C5}.Release|Any CPU.ActiveCfg = Release|Any CPU
		{9A184C7A-28AB-4A47-AE64-43D61D2BC3C5}.Release|Any CPU.Build.0 = Release|Any CPU
	EndGlobalSection
	GlobalSection(SolutionProperties) = preSolution
		HideSolutionNode = FALSE
	EndGlobalSection
	GlobalSection(ExtensibilityGlobals) = postSolution
		SolutionGuid = {EBE158A5-5F58-4905-8D25-87A988E69528}
	EndGlobalSection
EndGlobal
