
Microsoft Visual Studio Solution File, Format Version 12.00
# Visual Studio 15
VisualStudioVersion = 15.0.27703.2026
MinimumVisualStudioVersion = 10.0.40219.1
Project("{9A19103F-16F7-4668-BE54-9A1E7A4F7556}") = "1. HospitalDatabaseTasks", "1. HospitalDatabaseTasks\1. HospitalDatabaseTasks.csproj", "{937D235A-1626-4D81-8650-6C64C0476659}"
EndProject
Project("{FAE04EC0-301F-11D3-BF4B-00C04F79EFBC}") = "2. SalesDatabaseTasks", "2. SalesDatabaseTasks\2. SalesDatabaseTasks.csproj", "{1CB5ADCF-2078-4AFF-8AB6-7FE8B8818BF3}"
EndProject
Global
	GlobalSection(SolutionConfigurationPlatforms) = preSolution
		Debug|Any CPU = Debug|Any CPU
		Release|Any CPU = Release|Any CPU
	EndGlobalSection
	GlobalSection(ProjectConfigurationPlatforms) = postSolution
		{937D235A-1626-4D81-8650-6C64C0476659}.Debug|Any CPU.ActiveCfg = Debug|Any CPU
		{937D235A-1626-4D81-8650-6C64C0476659}.Debug|Any CPU.Build.0 = Debug|Any CPU
		{937D235A-1626-4D81-8650-6C64C0476659}.Release|Any CPU.ActiveCfg = Release|Any CPU
		{937D235A-1626-4D81-8650-6C64C0476659}.Release|Any CPU.Build.0 = Release|Any CPU
		{1CB5ADCF-2078-4AFF-8AB6-7FE8B8818BF3}.Debug|Any CPU.ActiveCfg = Debug|Any CPU
		{1CB5ADCF-2078-4AFF-8AB6-7FE8B8818BF3}.Debug|Any CPU.Build.0 = Debug|Any CPU
		{1CB5ADCF-2078-4AFF-8AB6-7FE8B8818BF3}.Release|Any CPU.ActiveCfg = Release|Any CPU
		{1CB5ADCF-2078-4AFF-8AB6-7FE8B8818BF3}.Release|Any CPU.Build.0 = Release|Any CPU
	EndGlobalSection
	GlobalSection(SolutionProperties) = preSolution
		HideSolutionNode = FALSE
	EndGlobalSection
	GlobalSection(ExtensibilityGlobals) = postSolution
		SolutionGuid = {95A00161-EE52-45B6-8FDA-3A0F49C39649}
	EndGlobalSection
EndGlobal
