
Microsoft Visual Studio Solution File, Format Version 12.00
# Visual Studio 15
VisualStudioVersion = 15.0.26228.9
MinimumVisualStudioVersion = 10.0.40219.1
Project("{FAE04EC0-301F-11D3-BF4B-00C04F79EFBC}") = "1. ReverseString", "1. ReverseString\1. ReverseString.csproj", "{2D3DA135-88F6-4AAF-8D2D-FDB84F9C2D29}"
EndProject
Project("{FAE04EC0-301F-11D3-BF4B-00C04F79EFBC}") = "2. CountSubstringOccurunces", "2. CountSubstringOccurunces\2. CountSubstringOccurunces.csproj", "{07FEC180-36F6-4031-9AAB-C1C03D6A86F8}"
EndProject
Project("{FAE04EC0-301F-11D3-BF4B-00C04F79EFBC}") = "3. TextFilter", "3. TextFilter\3. TextFilter.csproj", "{F2C3BE21-37C8-4FC0-B205-B665100384E8}"
EndProject
Project("{FAE04EC0-301F-11D3-BF4B-00C04F79EFBC}") = "4. Palindromes", "4. Palindromes\4. Palindromes.csproj", "{6995FC9D-52E3-4546-A56E-6812AF8472BA}"
EndProject
Global
	GlobalSection(SolutionConfigurationPlatforms) = preSolution
		Debug|Any CPU = Debug|Any CPU
		Release|Any CPU = Release|Any CPU
	EndGlobalSection
	GlobalSection(ProjectConfigurationPlatforms) = postSolution
		{2D3DA135-88F6-4AAF-8D2D-FDB84F9C2D29}.Debug|Any CPU.ActiveCfg = Debug|Any CPU
		{2D3DA135-88F6-4AAF-8D2D-FDB84F9C2D29}.Debug|Any CPU.Build.0 = Debug|Any CPU
		{2D3DA135-88F6-4AAF-8D2D-FDB84F9C2D29}.Release|Any CPU.ActiveCfg = Release|Any CPU
		{2D3DA135-88F6-4AAF-8D2D-FDB84F9C2D29}.Release|Any CPU.Build.0 = Release|Any CPU
		{07FEC180-36F6-4031-9AAB-C1C03D6A86F8}.Debug|Any CPU.ActiveCfg = Debug|Any CPU
		{07FEC180-36F6-4031-9AAB-C1C03D6A86F8}.Debug|Any CPU.Build.0 = Debug|Any CPU
		{07FEC180-36F6-4031-9AAB-C1C03D6A86F8}.Release|Any CPU.ActiveCfg = Release|Any CPU
		{07FEC180-36F6-4031-9AAB-C1C03D6A86F8}.Release|Any CPU.Build.0 = Release|Any CPU
		{F2C3BE21-37C8-4FC0-B205-B665100384E8}.Debug|Any CPU.ActiveCfg = Debug|Any CPU
		{F2C3BE21-37C8-4FC0-B205-B665100384E8}.Debug|Any CPU.Build.0 = Debug|Any CPU
		{F2C3BE21-37C8-4FC0-B205-B665100384E8}.Release|Any CPU.ActiveCfg = Release|Any CPU
		{F2C3BE21-37C8-4FC0-B205-B665100384E8}.Release|Any CPU.Build.0 = Release|Any CPU
		{6995FC9D-52E3-4546-A56E-6812AF8472BA}.Debug|Any CPU.ActiveCfg = Debug|Any CPU
		{6995FC9D-52E3-4546-A56E-6812AF8472BA}.Debug|Any CPU.Build.0 = Debug|Any CPU
		{6995FC9D-52E3-4546-A56E-6812AF8472BA}.Release|Any CPU.ActiveCfg = Release|Any CPU
		{6995FC9D-52E3-4546-A56E-6812AF8472BA}.Release|Any CPU.Build.0 = Release|Any CPU
	EndGlobalSection
	GlobalSection(SolutionProperties) = preSolution
		HideSolutionNode = FALSE
	EndGlobalSection
EndGlobal
