
Microsoft Visual Studio Solution File, Format Version 12.00
# Visual Studio 15
VisualStudioVersion = 15.0.27130.2024
MinimumVisualStudioVersion = 10.0.40219.1
Project("{9A19103F-16F7-4668-BE54-9A1E7A4F7556}") = "1. ReverseNumbersWithAStack", "1. ReverseNumbersWithAStack\1. ReverseNumbersWithAStack.csproj", "{70C87101-D077-47C5-A8FA-B984A07127EF}"
EndProject
Project("{9A19103F-16F7-4668-BE54-9A1E7A4F7556}") = "2. BasicStackOperations", "2. BasicStackOperations\2. BasicStackOperations.csproj", "{C1ABC5B3-9A59-4533-85D7-5B95748945DD}"
EndProject
Project("{9A19103F-16F7-4668-BE54-9A1E7A4F7556}") = "3. MaximumElement", "3. MaximumElement\3. MaximumElement.csproj", "{3C35D9D9-4AB9-4134-B6AD-B9BA029EA94E}"
EndProject
Project("{9A19103F-16F7-4668-BE54-9A1E7A4F7556}") = "4. BasicQueueOperations", "4. BasicQueueOperations\4. BasicQueueOperations.csproj", "{3274B859-71CE-425A-B41F-6CF1BE0A7266}"
EndProject
Project("{9A19103F-16F7-4668-BE54-9A1E7A4F7556}") = "5. CalculateSequenceWithQueue", "5. CalculateSequenceWithQueue\5. CalculateSequenceWithQueue.csproj", "{D01398EF-8BAC-4B0C-B2C2-E3C9B33D889B}"
EndProject
Project("{9A19103F-16F7-4668-BE54-9A1E7A4F7556}") = "6. TruckTour", "6. TruckTour\6. TruckTour.csproj", "{F8DB2C66-3CE1-40AC-A27A-9946B66C9707}"
EndProject
Project("{9A19103F-16F7-4668-BE54-9A1E7A4F7556}") = "7. BalancedParantheses", "7. BalancedParantheses\7. BalancedParantheses.csproj", "{01010908-20A5-4EF5-9C46-2F31985458C3}"
EndProject
Project("{9A19103F-16F7-4668-BE54-9A1E7A4F7556}") = "8. RecursiveFibonacci", "8. RecursiveFibonacci\8. RecursiveFibonacci.csproj", "{6127CB93-BD90-4902-88FB-BA6B2EE16F8C}"
EndProject
Project("{9A19103F-16F7-4668-BE54-9A1E7A4F7556}") = "9. StackFibonacci", "9. StackFibonacci\9. StackFibonacci.csproj", "{8622D003-709A-4D38-B947-32F8ABE15C11}"
EndProject
Project("{9A19103F-16F7-4668-BE54-9A1E7A4F7556}") = "10. SimpleTextEditor", "10. SimpleTextEditor\10. SimpleTextEditor.csproj", "{9B18DAC3-70DC-4465-BFDD-65E42AD0B723}"
EndProject
Project("{FAE04EC0-301F-11D3-BF4B-00C04F79EFBC}") = "11. PoisonousPlants", "11. PoisonousPlants\11. PoisonousPlants.csproj", "{8E389F75-11D0-4678-BCCF-12EE3859D907}"
EndProject
Global
	GlobalSection(SolutionConfigurationPlatforms) = preSolution
		Debug|Any CPU = Debug|Any CPU
		Release|Any CPU = Release|Any CPU
	EndGlobalSection
	GlobalSection(ProjectConfigurationPlatforms) = postSolution
		{70C87101-D077-47C5-A8FA-B984A07127EF}.Debug|Any CPU.ActiveCfg = Debug|Any CPU
		{70C87101-D077-47C5-A8FA-B984A07127EF}.Debug|Any CPU.Build.0 = Debug|Any CPU
		{70C87101-D077-47C5-A8FA-B984A07127EF}.Release|Any CPU.ActiveCfg = Release|Any CPU
		{70C87101-D077-47C5-A8FA-B984A07127EF}.Release|Any CPU.Build.0 = Release|Any CPU
		{C1ABC5B3-9A59-4533-85D7-5B95748945DD}.Debug|Any CPU.ActiveCfg = Debug|Any CPU
		{C1ABC5B3-9A59-4533-85D7-5B95748945DD}.Debug|Any CPU.Build.0 = Debug|Any CPU
		{C1ABC5B3-9A59-4533-85D7-5B95748945DD}.Release|Any CPU.ActiveCfg = Release|Any CPU
		{C1ABC5B3-9A59-4533-85D7-5B95748945DD}.Release|Any CPU.Build.0 = Release|Any CPU
		{3C35D9D9-4AB9-4134-B6AD-B9BA029EA94E}.Debug|Any CPU.ActiveCfg = Debug|Any CPU
		{3C35D9D9-4AB9-4134-B6AD-B9BA029EA94E}.Debug|Any CPU.Build.0 = Debug|Any CPU
		{3C35D9D9-4AB9-4134-B6AD-B9BA029EA94E}.Release|Any CPU.ActiveCfg = Release|Any CPU
		{3C35D9D9-4AB9-4134-B6AD-B9BA029EA94E}.Release|Any CPU.Build.0 = Release|Any CPU
		{3274B859-71CE-425A-B41F-6CF1BE0A7266}.Debug|Any CPU.ActiveCfg = Debug|Any CPU
		{3274B859-71CE-425A-B41F-6CF1BE0A7266}.Debug|Any CPU.Build.0 = Debug|Any CPU
		{3274B859-71CE-425A-B41F-6CF1BE0A7266}.Release|Any CPU.ActiveCfg = Release|Any CPU
		{3274B859-71CE-425A-B41F-6CF1BE0A7266}.Release|Any CPU.Build.0 = Release|Any CPU
		{D01398EF-8BAC-4B0C-B2C2-E3C9B33D889B}.Debug|Any CPU.ActiveCfg = Debug|Any CPU
		{D01398EF-8BAC-4B0C-B2C2-E3C9B33D889B}.Debug|Any CPU.Build.0 = Debug|Any CPU
		{D01398EF-8BAC-4B0C-B2C2-E3C9B33D889B}.Release|Any CPU.ActiveCfg = Release|Any CPU
		{D01398EF-8BAC-4B0C-B2C2-E3C9B33D889B}.Release|Any CPU.Build.0 = Release|Any CPU
		{F8DB2C66-3CE1-40AC-A27A-9946B66C9707}.Debug|Any CPU.ActiveCfg = Debug|Any CPU
		{F8DB2C66-3CE1-40AC-A27A-9946B66C9707}.Debug|Any CPU.Build.0 = Debug|Any CPU
		{F8DB2C66-3CE1-40AC-A27A-9946B66C9707}.Release|Any CPU.ActiveCfg = Release|Any CPU
		{F8DB2C66-3CE1-40AC-A27A-9946B66C9707}.Release|Any CPU.Build.0 = Release|Any CPU
		{01010908-20A5-4EF5-9C46-2F31985458C3}.Debug|Any CPU.ActiveCfg = Debug|Any CPU
		{01010908-20A5-4EF5-9C46-2F31985458C3}.Debug|Any CPU.Build.0 = Debug|Any CPU
		{01010908-20A5-4EF5-9C46-2F31985458C3}.Release|Any CPU.ActiveCfg = Release|Any CPU
		{01010908-20A5-4EF5-9C46-2F31985458C3}.Release|Any CPU.Build.0 = Release|Any CPU
		{6127CB93-BD90-4902-88FB-BA6B2EE16F8C}.Debug|Any CPU.ActiveCfg = Debug|Any CPU
		{6127CB93-BD90-4902-88FB-BA6B2EE16F8C}.Debug|Any CPU.Build.0 = Debug|Any CPU
		{6127CB93-BD90-4902-88FB-BA6B2EE16F8C}.Release|Any CPU.ActiveCfg = Release|Any CPU
		{6127CB93-BD90-4902-88FB-BA6B2EE16F8C}.Release|Any CPU.Build.0 = Release|Any CPU
		{8622D003-709A-4D38-B947-32F8ABE15C11}.Debug|Any CPU.ActiveCfg = Debug|Any CPU
		{8622D003-709A-4D38-B947-32F8ABE15C11}.Debug|Any CPU.Build.0 = Debug|Any CPU
		{8622D003-709A-4D38-B947-32F8ABE15C11}.Release|Any CPU.ActiveCfg = Release|Any CPU
		{8622D003-709A-4D38-B947-32F8ABE15C11}.Release|Any CPU.Build.0 = Release|Any CPU
		{9B18DAC3-70DC-4465-BFDD-65E42AD0B723}.Debug|Any CPU.ActiveCfg = Debug|Any CPU
		{9B18DAC3-70DC-4465-BFDD-65E42AD0B723}.Debug|Any CPU.Build.0 = Debug|Any CPU
		{9B18DAC3-70DC-4465-BFDD-65E42AD0B723}.Release|Any CPU.ActiveCfg = Release|Any CPU
		{9B18DAC3-70DC-4465-BFDD-65E42AD0B723}.Release|Any CPU.Build.0 = Release|Any CPU
		{8E389F75-11D0-4678-BCCF-12EE3859D907}.Debug|Any CPU.ActiveCfg = Debug|Any CPU
		{8E389F75-11D0-4678-BCCF-12EE3859D907}.Debug|Any CPU.Build.0 = Debug|Any CPU
		{8E389F75-11D0-4678-BCCF-12EE3859D907}.Release|Any CPU.ActiveCfg = Release|Any CPU
		{8E389F75-11D0-4678-BCCF-12EE3859D907}.Release|Any CPU.Build.0 = Release|Any CPU
	EndGlobalSection
	GlobalSection(SolutionProperties) = preSolution
		HideSolutionNode = FALSE
	EndGlobalSection
	GlobalSection(ExtensibilityGlobals) = postSolution
		SolutionGuid = {C2994436-8B70-40B8-9EF0-3C7175CDF403}
	EndGlobalSection
EndGlobal
