
Microsoft Visual Studio Solution File, Format Version 12.00
# Visual Studio 15
VisualStudioVersion = 15.0.26228.9
MinimumVisualStudioVersion = 10.0.40219.1
Project("{FAE04EC0-301F-11D3-BF4B-00C04F79EFBC}") = "1. DebitCardNumber", "1. DebitCardNumber\1. DebitCardNumber.csproj", "{81E9C97F-CAF3-4D62-8EAB-7791F1781F89}"
EndProject
Project("{FAE04EC0-301F-11D3-BF4B-00C04F79EFBC}") = "2. RectangleArea", "2. RectangleArea\2. RectangleArea.csproj", "{59C30313-D39C-483A-9A0F-33DECB0DF6E9}"
EndProject
Project("{FAE04EC0-301F-11D3-BF4B-00C04F79EFBC}") = "3. MilesToKilometres", "3. MilesToKilometres\3. MilesToKilometres.csproj", "{C82542C1-D155-41BB-809F-9853023BB8F9}"
EndProject
Project("{FAE04EC0-301F-11D3-BF4B-00C04F79EFBC}") = "4. BeverageLabels", "4. BeverageLabels\4. BeverageLabels.csproj", "{006898BA-69F2-4C62-92B1-1E06A5116C2F}"
EndProject
Project("{FAE04EC0-301F-11D3-BF4B-00C04F79EFBC}") = "5. CharacterStats", "5. CharacterStats\5. CharacterStats.csproj", "{841E12DE-1570-4FB0-B08D-7D67214A00C2}"
EndProject
Global
	GlobalSection(SolutionConfigurationPlatforms) = preSolution
		Debug|Any CPU = Debug|Any CPU
		Release|Any CPU = Release|Any CPU
	EndGlobalSection
	GlobalSection(ProjectConfigurationPlatforms) = postSolution
		{81E9C97F-CAF3-4D62-8EAB-7791F1781F89}.Debug|Any CPU.ActiveCfg = Debug|Any CPU
		{81E9C97F-CAF3-4D62-8EAB-7791F1781F89}.Debug|Any CPU.Build.0 = Debug|Any CPU
		{81E9C97F-CAF3-4D62-8EAB-7791F1781F89}.Release|Any CPU.ActiveCfg = Release|Any CPU
		{81E9C97F-CAF3-4D62-8EAB-7791F1781F89}.Release|Any CPU.Build.0 = Release|Any CPU
		{59C30313-D39C-483A-9A0F-33DECB0DF6E9}.Debug|Any CPU.ActiveCfg = Debug|Any CPU
		{59C30313-D39C-483A-9A0F-33DECB0DF6E9}.Debug|Any CPU.Build.0 = Debug|Any CPU
		{59C30313-D39C-483A-9A0F-33DECB0DF6E9}.Release|Any CPU.ActiveCfg = Release|Any CPU
		{59C30313-D39C-483A-9A0F-33DECB0DF6E9}.Release|Any CPU.Build.0 = Release|Any CPU
		{C82542C1-D155-41BB-809F-9853023BB8F9}.Debug|Any CPU.ActiveCfg = Debug|Any CPU
		{C82542C1-D155-41BB-809F-9853023BB8F9}.Debug|Any CPU.Build.0 = Debug|Any CPU
		{C82542C1-D155-41BB-809F-9853023BB8F9}.Release|Any CPU.ActiveCfg = Release|Any CPU
		{C82542C1-D155-41BB-809F-9853023BB8F9}.Release|Any CPU.Build.0 = Release|Any CPU
		{006898BA-69F2-4C62-92B1-1E06A5116C2F}.Debug|Any CPU.ActiveCfg = Debug|Any CPU
		{006898BA-69F2-4C62-92B1-1E06A5116C2F}.Debug|Any CPU.Build.0 = Debug|Any CPU
		{006898BA-69F2-4C62-92B1-1E06A5116C2F}.Release|Any CPU.ActiveCfg = Release|Any CPU
		{006898BA-69F2-4C62-92B1-1E06A5116C2F}.Release|Any CPU.Build.0 = Release|Any CPU
		{841E12DE-1570-4FB0-B08D-7D67214A00C2}.Debug|Any CPU.ActiveCfg = Debug|Any CPU
		{841E12DE-1570-4FB0-B08D-7D67214A00C2}.Debug|Any CPU.Build.0 = Debug|Any CPU
		{841E12DE-1570-4FB0-B08D-7D67214A00C2}.Release|Any CPU.ActiveCfg = Release|Any CPU
		{841E12DE-1570-4FB0-B08D-7D67214A00C2}.Release|Any CPU.Build.0 = Release|Any CPU
	EndGlobalSection
	GlobalSection(SolutionProperties) = preSolution
		HideSolutionNode = FALSE
	EndGlobalSection
EndGlobal
