
Microsoft Visual Studio Solution File, Format Version 12.00
# Visual Studio 15
VisualStudioVersion = 15.0.26228.9
MinimumVisualStudioVersion = 10.0.40219.1
Project("{FAE04EC0-301F-11D3-BF4B-00C04F79EFBC}") = "1. SortTimes", "1. SortTimes\1. SortTimes.csproj", "{EBE8FEF0-2BA6-42B9-9526-4DA60DAD7746}"
EndProject
Project("{FAE04EC0-301F-11D3-BF4B-00C04F79EFBC}") = "2. OddFilter", "2. OddFilter\2. OddFilter.csproj", "{2053D72E-00C9-4298-9FC4-A8541A5CFD87}"
EndProject
Project("{FAE04EC0-301F-11D3-BF4B-00C04F79EFBC}") = "3. ImmuneSystem", "3. ImmuneSystem\3. ImmuneSystem.csproj", "{D703EAF8-4649-45B6-96B7-DCE310A09A9C}"
EndProject
Project("{FAE04EC0-301F-11D3-BF4B-00C04F79EFBC}") = "4. SupermarketDatabase", "4. SupermarketDatabase\4. SupermarketDatabase.csproj", "{CF968E68-94F5-4273-B27F-BC1B9B6AE8C4}"
EndProject
Project("{FAE04EC0-301F-11D3-BF4B-00C04F79EFBC}") = "5. ParkingValidation", "5. ParkingValidation\5. ParkingValidation.csproj", "{12C90EA7-A01F-4171-8604-E645191E7FF6}"
EndProject
Project("{FAE04EC0-301F-11D3-BF4B-00C04F79EFBC}") = "6. ByteFlip", "6. ByteFlip\6. ByteFlip.csproj", "{C9EE177E-81AA-4753-9565-C666CAFEDB27}"
EndProject
Project("{FAE04EC0-301F-11D3-BF4B-00C04F79EFBC}") = "7. TakeSkipRope", "7. TakeSkipRope\7. TakeSkipRope.csproj", "{4679FFA9-9ABD-4AD9-81BF-41EB13725E61}"
EndProject
Global
	GlobalSection(SolutionConfigurationPlatforms) = preSolution
		Debug|Any CPU = Debug|Any CPU
		Release|Any CPU = Release|Any CPU
	EndGlobalSection
	GlobalSection(ProjectConfigurationPlatforms) = postSolution
		{EBE8FEF0-2BA6-42B9-9526-4DA60DAD7746}.Debug|Any CPU.ActiveCfg = Debug|Any CPU
		{EBE8FEF0-2BA6-42B9-9526-4DA60DAD7746}.Debug|Any CPU.Build.0 = Debug|Any CPU
		{EBE8FEF0-2BA6-42B9-9526-4DA60DAD7746}.Release|Any CPU.ActiveCfg = Release|Any CPU
		{EBE8FEF0-2BA6-42B9-9526-4DA60DAD7746}.Release|Any CPU.Build.0 = Release|Any CPU
		{2053D72E-00C9-4298-9FC4-A8541A5CFD87}.Debug|Any CPU.ActiveCfg = Debug|Any CPU
		{2053D72E-00C9-4298-9FC4-A8541A5CFD87}.Debug|Any CPU.Build.0 = Debug|Any CPU
		{2053D72E-00C9-4298-9FC4-A8541A5CFD87}.Release|Any CPU.ActiveCfg = Release|Any CPU
		{2053D72E-00C9-4298-9FC4-A8541A5CFD87}.Release|Any CPU.Build.0 = Release|Any CPU
		{D703EAF8-4649-45B6-96B7-DCE310A09A9C}.Debug|Any CPU.ActiveCfg = Debug|Any CPU
		{D703EAF8-4649-45B6-96B7-DCE310A09A9C}.Debug|Any CPU.Build.0 = Debug|Any CPU
		{D703EAF8-4649-45B6-96B7-DCE310A09A9C}.Release|Any CPU.ActiveCfg = Release|Any CPU
		{D703EAF8-4649-45B6-96B7-DCE310A09A9C}.Release|Any CPU.Build.0 = Release|Any CPU
		{CF968E68-94F5-4273-B27F-BC1B9B6AE8C4}.Debug|Any CPU.ActiveCfg = Debug|Any CPU
		{CF968E68-94F5-4273-B27F-BC1B9B6AE8C4}.Debug|Any CPU.Build.0 = Debug|Any CPU
		{CF968E68-94F5-4273-B27F-BC1B9B6AE8C4}.Release|Any CPU.ActiveCfg = Release|Any CPU
		{CF968E68-94F5-4273-B27F-BC1B9B6AE8C4}.Release|Any CPU.Build.0 = Release|Any CPU
		{12C90EA7-A01F-4171-8604-E645191E7FF6}.Debug|Any CPU.ActiveCfg = Debug|Any CPU
		{12C90EA7-A01F-4171-8604-E645191E7FF6}.Debug|Any CPU.Build.0 = Debug|Any CPU
		{12C90EA7-A01F-4171-8604-E645191E7FF6}.Release|Any CPU.ActiveCfg = Release|Any CPU
		{12C90EA7-A01F-4171-8604-E645191E7FF6}.Release|Any CPU.Build.0 = Release|Any CPU
		{C9EE177E-81AA-4753-9565-C666CAFEDB27}.Debug|Any CPU.ActiveCfg = Debug|Any CPU
		{C9EE177E-81AA-4753-9565-C666CAFEDB27}.Debug|Any CPU.Build.0 = Debug|Any CPU
		{C9EE177E-81AA-4753-9565-C666CAFEDB27}.Release|Any CPU.ActiveCfg = Release|Any CPU
		{C9EE177E-81AA-4753-9565-C666CAFEDB27}.Release|Any CPU.Build.0 = Release|Any CPU
		{4679FFA9-9ABD-4AD9-81BF-41EB13725E61}.Debug|Any CPU.ActiveCfg = Debug|Any CPU
		{4679FFA9-9ABD-4AD9-81BF-41EB13725E61}.Debug|Any CPU.Build.0 = Debug|Any CPU
		{4679FFA9-9ABD-4AD9-81BF-41EB13725E61}.Release|Any CPU.ActiveCfg = Release|Any CPU
		{4679FFA9-9ABD-4AD9-81BF-41EB13725E61}.Release|Any CPU.Build.0 = Release|Any CPU
	EndGlobalSection
	GlobalSection(SolutionProperties) = preSolution
		HideSolutionNode = FALSE
	EndGlobalSection
EndGlobal
