
Microsoft Visual Studio Solution File, Format Version 12.00
# Visual Studio 15
VisualStudioVersion = 15.0.27130.2024
MinimumVisualStudioVersion = 10.0.40219.1
Project("{FAE04EC0-301F-11D3-BF4B-00C04F79EFBC}") = "1. RawData", "1. RawData\1. RawData.csproj", "{4CB62A09-5950-4DE8-B72C-D1A4ED4B6E45}"
EndProject
Project("{FAE04EC0-301F-11D3-BF4B-00C04F79EFBC}") = "2. CarSalesman", "2. CarSalesman\2. CarSalesman.csproj", "{E4531246-D267-4567-B26D-E2913599B581}"
EndProject
Project("{FAE04EC0-301F-11D3-BF4B-00C04F79EFBC}") = "3. JediGalaxy", "3. JediGalaxy\3. JediGalaxy.csproj", "{D0D76341-C984-45B8-8B38-375834D41CA0}"
EndProject
Project("{FAE04EC0-301F-11D3-BF4B-00C04F79EFBC}") = "4. Hospital", "4. Hospital\4. Hospital.csproj", "{C2F4CFC5-C857-479B-8980-1F7DBC8AD941}"
EndProject
Project("{FAE04EC0-301F-11D3-BF4B-00C04F79EFBC}") = "5. GreedyTimes", "5. GreedyTimes\5. GreedyTimes.csproj", "{F945F4B6-3E55-45F1-A88D-B67548B69648}"
EndProject
Project("{FAE04EC0-301F-11D3-BF4B-00C04F79EFBC}") = "6. Sneaking", "6. Sneaking\6. Sneaking.csproj", "{7243C76E-891D-4794-885E-760E8E958DCC}"
EndProject
Project("{FAE04EC0-301F-11D3-BF4B-00C04F79EFBC}") = "7. FamilyTree", "7. FamilyTree\7. FamilyTree.csproj", "{05F15F7A-B4F1-44EA-9C8A-81F8CCCB4CE0}"
EndProject
Global
	GlobalSection(SolutionConfigurationPlatforms) = preSolution
		Debug|Any CPU = Debug|Any CPU
		Release|Any CPU = Release|Any CPU
	EndGlobalSection
	GlobalSection(ProjectConfigurationPlatforms) = postSolution
		{4CB62A09-5950-4DE8-B72C-D1A4ED4B6E45}.Debug|Any CPU.ActiveCfg = Debug|Any CPU
		{4CB62A09-5950-4DE8-B72C-D1A4ED4B6E45}.Debug|Any CPU.Build.0 = Debug|Any CPU
		{4CB62A09-5950-4DE8-B72C-D1A4ED4B6E45}.Release|Any CPU.ActiveCfg = Release|Any CPU
		{4CB62A09-5950-4DE8-B72C-D1A4ED4B6E45}.Release|Any CPU.Build.0 = Release|Any CPU
		{E4531246-D267-4567-B26D-E2913599B581}.Debug|Any CPU.ActiveCfg = Debug|Any CPU
		{E4531246-D267-4567-B26D-E2913599B581}.Debug|Any CPU.Build.0 = Debug|Any CPU
		{E4531246-D267-4567-B26D-E2913599B581}.Release|Any CPU.ActiveCfg = Release|Any CPU
		{E4531246-D267-4567-B26D-E2913599B581}.Release|Any CPU.Build.0 = Release|Any CPU
		{D0D76341-C984-45B8-8B38-375834D41CA0}.Debug|Any CPU.ActiveCfg = Debug|Any CPU
		{D0D76341-C984-45B8-8B38-375834D41CA0}.Debug|Any CPU.Build.0 = Debug|Any CPU
		{D0D76341-C984-45B8-8B38-375834D41CA0}.Release|Any CPU.ActiveCfg = Release|Any CPU
		{D0D76341-C984-45B8-8B38-375834D41CA0}.Release|Any CPU.Build.0 = Release|Any CPU
		{C2F4CFC5-C857-479B-8980-1F7DBC8AD941}.Debug|Any CPU.ActiveCfg = Debug|Any CPU
		{C2F4CFC5-C857-479B-8980-1F7DBC8AD941}.Debug|Any CPU.Build.0 = Debug|Any CPU
		{C2F4CFC5-C857-479B-8980-1F7DBC8AD941}.Release|Any CPU.ActiveCfg = Release|Any CPU
		{C2F4CFC5-C857-479B-8980-1F7DBC8AD941}.Release|Any CPU.Build.0 = Release|Any CPU
		{F945F4B6-3E55-45F1-A88D-B67548B69648}.Debug|Any CPU.ActiveCfg = Debug|Any CPU
		{F945F4B6-3E55-45F1-A88D-B67548B69648}.Debug|Any CPU.Build.0 = Debug|Any CPU
		{F945F4B6-3E55-45F1-A88D-B67548B69648}.Release|Any CPU.ActiveCfg = Release|Any CPU
		{F945F4B6-3E55-45F1-A88D-B67548B69648}.Release|Any CPU.Build.0 = Release|Any CPU
		{7243C76E-891D-4794-885E-760E8E958DCC}.Debug|Any CPU.ActiveCfg = Debug|Any CPU
		{7243C76E-891D-4794-885E-760E8E958DCC}.Debug|Any CPU.Build.0 = Debug|Any CPU
		{7243C76E-891D-4794-885E-760E8E958DCC}.Release|Any CPU.ActiveCfg = Release|Any CPU
		{7243C76E-891D-4794-885E-760E8E958DCC}.Release|Any CPU.Build.0 = Release|Any CPU
		{05F15F7A-B4F1-44EA-9C8A-81F8CCCB4CE0}.Debug|Any CPU.ActiveCfg = Debug|Any CPU
		{05F15F7A-B4F1-44EA-9C8A-81F8CCCB4CE0}.Debug|Any CPU.Build.0 = Debug|Any CPU
		{05F15F7A-B4F1-44EA-9C8A-81F8CCCB4CE0}.Release|Any CPU.ActiveCfg = Release|Any CPU
		{05F15F7A-B4F1-44EA-9C8A-81F8CCCB4CE0}.Release|Any CPU.Build.0 = Release|Any CPU
	EndGlobalSection
	GlobalSection(SolutionProperties) = preSolution
		HideSolutionNode = FALSE
	EndGlobalSection
	GlobalSection(ExtensibilityGlobals) = postSolution
		SolutionGuid = {4AFFDEAE-BC96-4E2A-A337-13C9FACA33E2}
	EndGlobalSection
EndGlobal
