
Microsoft Visual Studio Solution File, Format Version 12.00
# Visual Studio 15
VisualStudioVersion = 15.0.27428.2027
MinimumVisualStudioVersion = 10.0.40219.1
Project("{9A19103F-16F7-4668-BE54-9A1E7A4F7556}") = "1. Database", "1. Database\1. Database.csproj", "{21C3AA1A-DB49-4267-8964-BF20253205B5}"
EndProject
Project("{9A19103F-16F7-4668-BE54-9A1E7A4F7556}") = "1. DatabaseTests", "1. DatabaseTests\1. DatabaseTests.csproj", "{1BE7524F-2B4A-4871-93E4-4827DD4BF093}"
EndProject
Project("{2150E333-8FDC-42A3-9474-1A3956D46DE8}") = "1. DatabaseTask", "1. DatabaseTask", "{B695F415-1844-45E0-95F4-770AEBB64B9C}"
EndProject
Project("{2150E333-8FDC-42A3-9474-1A3956D46DE8}") = "2. ExtendedDatabaseTask", "2. ExtendedDatabaseTask", "{43996F61-F879-43B0-854A-1F2E852C419E}"
EndProject
Project("{9A19103F-16F7-4668-BE54-9A1E7A4F7556}") = "2. ExtendedDatabase", "2. ExtendedDatabase\2. ExtendedDatabase.csproj", "{33C8F5D4-AD94-488C-943D-C5E64BBAABD1}"
EndProject
Project("{9A19103F-16F7-4668-BE54-9A1E7A4F7556}") = "2. ExtendedDatabaseTests", "2. ExtendedDatabaseTests\2. ExtendedDatabaseTests.csproj", "{346C8305-C663-4CBC-A97C-8E1DCEBB6ECB}"
EndProject
Project("{2150E333-8FDC-42A3-9474-1A3956D46DE8}") = "3. IteratorTask", "3. IteratorTask", "{ED2305CC-39CC-467A-A53C-D8B752962DCD}"
EndProject
Project("{9A19103F-16F7-4668-BE54-9A1E7A4F7556}") = "3. Iterator", "3. Iterator\3. Iterator.csproj", "{9E6343B6-6295-4D9E-BCCF-F58A419BA591}"
EndProject
Project("{9A19103F-16F7-4668-BE54-9A1E7A4F7556}") = "3. IteratorTests", "3. IteratorTests\3. IteratorTests.csproj", "{5AB63B6F-BAF5-48C7-870F-EA9C777B9B0C}"
EndProject
Project("{2150E333-8FDC-42A3-9474-1A3956D46DE8}") = "4. BubbleSortTask", "4. BubbleSortTask", "{184647A7-FBC7-4B9B-8AA2-F161DE3ABCC2}"
EndProject
Project("{9A19103F-16F7-4668-BE54-9A1E7A4F7556}") = "4. BubbleSort", "4. BubbleSort\4. BubbleSort.csproj", "{7062F467-05BC-415D-ADBF-68AC5BC9FB15}"
EndProject
Project("{9A19103F-16F7-4668-BE54-9A1E7A4F7556}") = "4. BubbleSortTests", "4. BubbleSortTests\4. BubbleSortTests.csproj", "{3DD7F6A3-46E9-4D90-8E28-DF927DDE7136}"
EndProject
Project("{2150E333-8FDC-42A3-9474-1A3956D46DE8}") = "5. IntegrationTask", "5. IntegrationTask", "{28CFABC0-ACE7-4A89-B0A2-F22806DC0542}"
EndProject
Project("{9A19103F-16F7-4668-BE54-9A1E7A4F7556}") = "5. Integration", "5. Integration\5. Integration.csproj", "{71F35982-8FC6-4FC9-8123-4A6DA0301A20}"
EndProject
Project("{9A19103F-16F7-4668-BE54-9A1E7A4F7556}") = "5. IntegrationTests", "5. IntegrationTests\5. IntegrationTests.csproj", "{544DBD9A-8F3F-4D16-A7C8-47E583290347}"
EndProject
Project("{2150E333-8FDC-42A3-9474-1A3956D46DE8}") = "6. TwitterTask", "6. TwitterTask", "{2CF4EBA4-3524-4C57-81E2-D10B294C8ED5}"
EndProject
Project("{9A19103F-16F7-4668-BE54-9A1E7A4F7556}") = "6. Twitter", "6. Twitter\6. Twitter.csproj", "{FBB00EB6-494A-4279-ADD3-F1AAD0953919}"
EndProject
Project("{FAE04EC0-301F-11D3-BF4B-00C04F79EFBC}") = "6. TwitterTests", "6. TwitterTests\6. TwitterTests.csproj", "{51C62FA7-7238-46BC-8F0B-DB0FD02E31B6}"
EndProject
Project("{2150E333-8FDC-42A3-9474-1A3956D46DE8}") = "7. HackTask", "7. HackTask", "{304AF021-0E7F-43E9-8F80-E622A7DF7F74}"
EndProject
Project("{FAE04EC0-301F-11D3-BF4B-00C04F79EFBC}") = "7. Hack", "7. Hack\7. Hack.csproj", "{152AA0B3-54B0-4991-B68B-EEF6A9E0A183}"
EndProject
Project("{FAE04EC0-301F-11D3-BF4B-00C04F79EFBC}") = "7. HackTests", "7. HackTests\7. HackTests.csproj", "{601C2340-5E53-4F4D-8926-4ADCA1592DDB}"
EndProject
Project("{2150E333-8FDC-42A3-9474-1A3956D46DE8}") = "8. CustomLinkedListTask", "8. CustomLinkedListTask", "{20E0AA19-B4C0-4816-96A8-A7660FE425CD}"
EndProject
Project("{FAE04EC0-301F-11D3-BF4B-00C04F79EFBC}") = "8. CustomLinkedList", "8. CustomLinkedList\8. CustomLinkedList.csproj", "{70F691E6-57FA-4581-8059-3FF7118DCE06}"
EndProject
Project("{FAE04EC0-301F-11D3-BF4B-00C04F79EFBC}") = "8. CustomLinkedListTests", "8. CustomLinkedListTests\8. CustomLinkedListTests.csproj", "{CC8FAD1C-E1A2-4C41-9740-9FD7060D15C2}"
EndProject
Project("{2150E333-8FDC-42A3-9474-1A3956D46DE8}") = "9. DateTimeTask", "9. DateTimeTask", "{AB02F22B-917E-4768-AD2C-D8E185F81C90}"
EndProject
Project("{FAE04EC0-301F-11D3-BF4B-00C04F79EFBC}") = "9. DateTime", "9. DateTime\9. DateTime.csproj", "{B637B842-7D42-4447-A95A-B2451DA8345D}"
EndProject
Project("{FAE04EC0-301F-11D3-BF4B-00C04F79EFBC}") = "9. DateTimeTests", "9. DateTimeTests\9. DateTimeTests.csproj", "{866CEA43-7EFA-4C8A-9843-10B0E8B730BA}"
EndProject
Global
	GlobalSection(SolutionConfigurationPlatforms) = preSolution
		Debug|Any CPU = Debug|Any CPU
		Release|Any CPU = Release|Any CPU
	EndGlobalSection
	GlobalSection(ProjectConfigurationPlatforms) = postSolution
		{21C3AA1A-DB49-4267-8964-BF20253205B5}.Debug|Any CPU.ActiveCfg = Debug|Any CPU
		{21C3AA1A-DB49-4267-8964-BF20253205B5}.Debug|Any CPU.Build.0 = Debug|Any CPU
		{21C3AA1A-DB49-4267-8964-BF20253205B5}.Release|Any CPU.ActiveCfg = Release|Any CPU
		{21C3AA1A-DB49-4267-8964-BF20253205B5}.Release|Any CPU.Build.0 = Release|Any CPU
		{1BE7524F-2B4A-4871-93E4-4827DD4BF093}.Debug|Any CPU.ActiveCfg = Debug|Any CPU
		{1BE7524F-2B4A-4871-93E4-4827DD4BF093}.Debug|Any CPU.Build.0 = Debug|Any CPU
		{1BE7524F-2B4A-4871-93E4-4827DD4BF093}.Release|Any CPU.ActiveCfg = Release|Any CPU
		{1BE7524F-2B4A-4871-93E4-4827DD4BF093}.Release|Any CPU.Build.0 = Release|Any CPU
		{33C8F5D4-AD94-488C-943D-C5E64BBAABD1}.Debug|Any CPU.ActiveCfg = Debug|Any CPU
		{33C8F5D4-AD94-488C-943D-C5E64BBAABD1}.Debug|Any CPU.Build.0 = Debug|Any CPU
		{33C8F5D4-AD94-488C-943D-C5E64BBAABD1}.Release|Any CPU.ActiveCfg = Release|Any CPU
		{33C8F5D4-AD94-488C-943D-C5E64BBAABD1}.Release|Any CPU.Build.0 = Release|Any CPU
		{346C8305-C663-4CBC-A97C-8E1DCEBB6ECB}.Debug|Any CPU.ActiveCfg = Debug|Any CPU
		{346C8305-C663-4CBC-A97C-8E1DCEBB6ECB}.Debug|Any CPU.Build.0 = Debug|Any CPU
		{346C8305-C663-4CBC-A97C-8E1DCEBB6ECB}.Release|Any CPU.ActiveCfg = Release|Any CPU
		{346C8305-C663-4CBC-A97C-8E1DCEBB6ECB}.Release|Any CPU.Build.0 = Release|Any CPU
		{9E6343B6-6295-4D9E-BCCF-F58A419BA591}.Debug|Any CPU.ActiveCfg = Debug|Any CPU
		{9E6343B6-6295-4D9E-BCCF-F58A419BA591}.Debug|Any CPU.Build.0 = Debug|Any CPU
		{9E6343B6-6295-4D9E-BCCF-F58A419BA591}.Release|Any CPU.ActiveCfg = Release|Any CPU
		{9E6343B6-6295-4D9E-BCCF-F58A419BA591}.Release|Any CPU.Build.0 = Release|Any CPU
		{5AB63B6F-BAF5-48C7-870F-EA9C777B9B0C}.Debug|Any CPU.ActiveCfg = Debug|Any CPU
		{5AB63B6F-BAF5-48C7-870F-EA9C777B9B0C}.Debug|Any CPU.Build.0 = Debug|Any CPU
		{5AB63B6F-BAF5-48C7-870F-EA9C777B9B0C}.Release|Any CPU.ActiveCfg = Release|Any CPU
		{5AB63B6F-BAF5-48C7-870F-EA9C777B9B0C}.Release|Any CPU.Build.0 = Release|Any CPU
		{7062F467-05BC-415D-ADBF-68AC5BC9FB15}.Debug|Any CPU.ActiveCfg = Debug|Any CPU
		{7062F467-05BC-415D-ADBF-68AC5BC9FB15}.Debug|Any CPU.Build.0 = Debug|Any CPU
		{7062F467-05BC-415D-ADBF-68AC5BC9FB15}.Release|Any CPU.ActiveCfg = Release|Any CPU
		{7062F467-05BC-415D-ADBF-68AC5BC9FB15}.Release|Any CPU.Build.0 = Release|Any CPU
		{3DD7F6A3-46E9-4D90-8E28-DF927DDE7136}.Debug|Any CPU.ActiveCfg = Debug|Any CPU
		{3DD7F6A3-46E9-4D90-8E28-DF927DDE7136}.Debug|Any CPU.Build.0 = Debug|Any CPU
		{3DD7F6A3-46E9-4D90-8E28-DF927DDE7136}.Release|Any CPU.ActiveCfg = Release|Any CPU
		{3DD7F6A3-46E9-4D90-8E28-DF927DDE7136}.Release|Any CPU.Build.0 = Release|Any CPU
		{71F35982-8FC6-4FC9-8123-4A6DA0301A20}.Debug|Any CPU.ActiveCfg = Debug|Any CPU
		{71F35982-8FC6-4FC9-8123-4A6DA0301A20}.Debug|Any CPU.Build.0 = Debug|Any CPU
		{71F35982-8FC6-4FC9-8123-4A6DA0301A20}.Release|Any CPU.ActiveCfg = Release|Any CPU
		{71F35982-8FC6-4FC9-8123-4A6DA0301A20}.Release|Any CPU.Build.0 = Release|Any CPU
		{544DBD9A-8F3F-4D16-A7C8-47E583290347}.Debug|Any CPU.ActiveCfg = Debug|Any CPU
		{544DBD9A-8F3F-4D16-A7C8-47E583290347}.Debug|Any CPU.Build.0 = Debug|Any CPU
		{544DBD9A-8F3F-4D16-A7C8-47E583290347}.Release|Any CPU.ActiveCfg = Release|Any CPU
		{544DBD9A-8F3F-4D16-A7C8-47E583290347}.Release|Any CPU.Build.0 = Release|Any CPU
		{FBB00EB6-494A-4279-ADD3-F1AAD0953919}.Debug|Any CPU.ActiveCfg = Debug|Any CPU
		{FBB00EB6-494A-4279-ADD3-F1AAD0953919}.Debug|Any CPU.Build.0 = Debug|Any CPU
		{FBB00EB6-494A-4279-ADD3-F1AAD0953919}.Release|Any CPU.ActiveCfg = Release|Any CPU
		{FBB00EB6-494A-4279-ADD3-F1AAD0953919}.Release|Any CPU.Build.0 = Release|Any CPU
		{51C62FA7-7238-46BC-8F0B-DB0FD02E31B6}.Debug|Any CPU.ActiveCfg = Debug|Any CPU
		{51C62FA7-7238-46BC-8F0B-DB0FD02E31B6}.Debug|Any CPU.Build.0 = Debug|Any CPU
		{51C62FA7-7238-46BC-8F0B-DB0FD02E31B6}.Release|Any CPU.ActiveCfg = Release|Any CPU
		{51C62FA7-7238-46BC-8F0B-DB0FD02E31B6}.Release|Any CPU.Build.0 = Release|Any CPU
		{152AA0B3-54B0-4991-B68B-EEF6A9E0A183}.Debug|Any CPU.ActiveCfg = Debug|Any CPU
		{152AA0B3-54B0-4991-B68B-EEF6A9E0A183}.Debug|Any CPU.Build.0 = Debug|Any CPU
		{152AA0B3-54B0-4991-B68B-EEF6A9E0A183}.Release|Any CPU.ActiveCfg = Release|Any CPU
		{152AA0B3-54B0-4991-B68B-EEF6A9E0A183}.Release|Any CPU.Build.0 = Release|Any CPU
		{601C2340-5E53-4F4D-8926-4ADCA1592DDB}.Debug|Any CPU.ActiveCfg = Debug|Any CPU
		{601C2340-5E53-4F4D-8926-4ADCA1592DDB}.Debug|Any CPU.Build.0 = Debug|Any CPU
		{601C2340-5E53-4F4D-8926-4ADCA1592DDB}.Release|Any CPU.ActiveCfg = Release|Any CPU
		{601C2340-5E53-4F4D-8926-4ADCA1592DDB}.Release|Any CPU.Build.0 = Release|Any CPU
		{70F691E6-57FA-4581-8059-3FF7118DCE06}.Debug|Any CPU.ActiveCfg = Debug|Any CPU
		{70F691E6-57FA-4581-8059-3FF7118DCE06}.Debug|Any CPU.Build.0 = Debug|Any CPU
		{70F691E6-57FA-4581-8059-3FF7118DCE06}.Release|Any CPU.ActiveCfg = Release|Any CPU
		{70F691E6-57FA-4581-8059-3FF7118DCE06}.Release|Any CPU.Build.0 = Release|Any CPU
		{CC8FAD1C-E1A2-4C41-9740-9FD7060D15C2}.Debug|Any CPU.ActiveCfg = Debug|Any CPU
		{CC8FAD1C-E1A2-4C41-9740-9FD7060D15C2}.Debug|Any CPU.Build.0 = Debug|Any CPU
		{CC8FAD1C-E1A2-4C41-9740-9FD7060D15C2}.Release|Any CPU.ActiveCfg = Release|Any CPU
		{CC8FAD1C-E1A2-4C41-9740-9FD7060D15C2}.Release|Any CPU.Build.0 = Release|Any CPU
		{B637B842-7D42-4447-A95A-B2451DA8345D}.Debug|Any CPU.ActiveCfg = Debug|Any CPU
		{B637B842-7D42-4447-A95A-B2451DA8345D}.Debug|Any CPU.Build.0 = Debug|Any CPU
		{B637B842-7D42-4447-A95A-B2451DA8345D}.Release|Any CPU.ActiveCfg = Release|Any CPU
		{B637B842-7D42-4447-A95A-B2451DA8345D}.Release|Any CPU.Build.0 = Release|Any CPU
		{866CEA43-7EFA-4C8A-9843-10B0E8B730BA}.Debug|Any CPU.ActiveCfg = Debug|Any CPU
		{866CEA43-7EFA-4C8A-9843-10B0E8B730BA}.Debug|Any CPU.Build.0 = Debug|Any CPU
		{866CEA43-7EFA-4C8A-9843-10B0E8B730BA}.Release|Any CPU.ActiveCfg = Release|Any CPU
		{866CEA43-7EFA-4C8A-9843-10B0E8B730BA}.Release|Any CPU.Build.0 = Release|Any CPU
	EndGlobalSection
	GlobalSection(SolutionProperties) = preSolution
		HideSolutionNode = FALSE
	EndGlobalSection
	GlobalSection(NestedProjects) = preSolution
		{21C3AA1A-DB49-4267-8964-BF20253205B5} = {B695F415-1844-45E0-95F4-770AEBB64B9C}
		{1BE7524F-2B4A-4871-93E4-4827DD4BF093} = {B695F415-1844-45E0-95F4-770AEBB64B9C}
		{33C8F5D4-AD94-488C-943D-C5E64BBAABD1} = {43996F61-F879-43B0-854A-1F2E852C419E}
		{346C8305-C663-4CBC-A97C-8E1DCEBB6ECB} = {43996F61-F879-43B0-854A-1F2E852C419E}
		{9E6343B6-6295-4D9E-BCCF-F58A419BA591} = {ED2305CC-39CC-467A-A53C-D8B752962DCD}
		{5AB63B6F-BAF5-48C7-870F-EA9C777B9B0C} = {ED2305CC-39CC-467A-A53C-D8B752962DCD}
		{7062F467-05BC-415D-ADBF-68AC5BC9FB15} = {184647A7-FBC7-4B9B-8AA2-F161DE3ABCC2}
		{3DD7F6A3-46E9-4D90-8E28-DF927DDE7136} = {184647A7-FBC7-4B9B-8AA2-F161DE3ABCC2}
		{71F35982-8FC6-4FC9-8123-4A6DA0301A20} = {28CFABC0-ACE7-4A89-B0A2-F22806DC0542}
		{544DBD9A-8F3F-4D16-A7C8-47E583290347} = {28CFABC0-ACE7-4A89-B0A2-F22806DC0542}
		{FBB00EB6-494A-4279-ADD3-F1AAD0953919} = {2CF4EBA4-3524-4C57-81E2-D10B294C8ED5}
		{51C62FA7-7238-46BC-8F0B-DB0FD02E31B6} = {2CF4EBA4-3524-4C57-81E2-D10B294C8ED5}
		{152AA0B3-54B0-4991-B68B-EEF6A9E0A183} = {304AF021-0E7F-43E9-8F80-E622A7DF7F74}
		{601C2340-5E53-4F4D-8926-4ADCA1592DDB} = {304AF021-0E7F-43E9-8F80-E622A7DF7F74}
		{70F691E6-57FA-4581-8059-3FF7118DCE06} = {20E0AA19-B4C0-4816-96A8-A7660FE425CD}
		{CC8FAD1C-E1A2-4C41-9740-9FD7060D15C2} = {20E0AA19-B4C0-4816-96A8-A7660FE425CD}
		{B637B842-7D42-4447-A95A-B2451DA8345D} = {AB02F22B-917E-4768-AD2C-D8E185F81C90}
		{866CEA43-7EFA-4C8A-9843-10B0E8B730BA} = {AB02F22B-917E-4768-AD2C-D8E185F81C90}
	EndGlobalSection
	GlobalSection(ExtensibilityGlobals) = postSolution
		SolutionGuid = {ED095A18-02EB-46A5-8323-095F68BACE6E}
	EndGlobalSection
EndGlobal
